<?xml version="1.0" encoding="utf-8"?>
<Project ToolsVersion="4.0" xmlns="http://schemas.microsoft.com/developer/msbuild/2003">
  <ItemGroup>
    <Filter Include="Lib">
      <UniqueIdentifier>{43b959a5-9db6-4dcf-9832-11705bedfd9c}</UniqueIdentifier>
    </Filter>
    <Filter Include="Classes">
      <UniqueIdentifier>{00ed3f52-e911-48f3-bbd9-e112d23115e6}</UniqueIdentifier>
    </Filter>
    <Filter Include="Classes\App">
      <UniqueIdentifier>{055bf9d4-c8ca-49f5-b7ae-90b8d21d4082}</UniqueIdentifier>
    </Filter>
    <Filter Include="Classes\Renderable">
      <UniqueIdentifier>{69e873fd-306c-4441-9e2c-b6016288efee}</UniqueIdentifier>
    </Filter>
    <Filter Include="Classes\Rendersys">
      <UniqueIdentifier>{2ebc33e8-8f22-4581-9c24-ec736992d61d}</UniqueIdentifier>
    </Filter>
    <Filter Include="Classes\Rendersys\d3d9">
      <UniqueIdentifier>{a91036af-8dc9-4072-bf04-88751f777c57}</UniqueIdentifier>
    </Filter>
    <Filter Include="Classes\Rendersys\d3d11">
      <UniqueIdentifier>{7a4c0e2e-c475-4d36-8f0d-0b4b376ddc25}</UniqueIdentifier>
    </Filter>
    <Filter Include="Classes\Base">
      <UniqueIdentifier>{502691fb-4a03-44af-95f0-8342e21e93b1}</UniqueIdentifier>
    </Filter>
    <Filter Include="Classes\TestCases">
      <UniqueIdentifier>{eeeb25f1-9a84-4c30-9fa1-a0fbba8ca550}</UniqueIdentifier>
    </Filter>
    <Filter Include="Classes\Export">
      <UniqueIdentifier>{b1706ccb-be9f-4002-a030-7028a976af83}</UniqueIdentifier>
    </Filter>
  </ItemGroup>
  <ItemGroup>
    <ClCompile Include="Classes\app\Main.cpp">
      <Filter>Classes\App</Filter>
    </ClCompile>
    <ClCompile Include="Classes\app\TApp.cpp">
      <Filter>Classes\App</Filter>
    </ClCompile>
    <ClCompile Include="Classes\app\TMovable.cpp">
      <Filter>Classes\App</Filter>
    </ClCompile>
    <ClCompile Include="Classes\renderable\IRenderable.cpp">
      <Filter>Classes\Renderable</Filter>
    </ClCompile>
    <ClCompile Include="Classes\renderable\TAssimpMesh.cpp">
      <Filter>Classes\Renderable</Filter>
    </ClCompile>
    <ClCompile Include="Classes\renderable\TInterfaceType.cpp">
      <Filter>Classes\Renderable</Filter>
    </ClCompile>
    <ClCompile Include="Classes\renderable\TPostProcess.cpp">
      <Filter>Classes\Renderable</Filter>
    </ClCompile>
    <ClCompile Include="Classes\renderable\TSkyBox.cpp">
      <Filter>Classes\Renderable</Filter>
    </ClCompile>
    <ClCompile Include="Classes\renderable\TSprite.cpp">
      <Filter>Classes\Renderable</Filter>
    </ClCompile>
    <ClCompile Include="Classes\rendersys\IRenderSystem.cpp">
      <Filter>Classes\Rendersys</Filter>
    </ClCompile>
    <ClCompile Include="Classes\rendersys\IResource.cpp">
      <Filter>Classes\Rendersys</Filter>
    </ClCompile>
    <ClCompile Include="Classes\rendersys\TMaterial.cpp">
      <Filter>Classes\Rendersys</Filter>
    </ClCompile>
    <ClCompile Include="Classes\rendersys\TMaterialCB.cpp">
      <Filter>Classes\Rendersys</Filter>
    </ClCompile>
    <ClCompile Include="Classes\rendersys\TThreadPump.cpp">
      <Filter>Classes\Rendersys</Filter>
    </ClCompile>
    <ClCompile Include="Classes\rendersys\d3d9\TInterfaceType9.cpp">
      <Filter>Classes\Rendersys\d3d9</Filter>
    </ClCompile>
    <ClCompile Include="Classes\rendersys\d3d9\TRenderSystem9.cpp">
      <Filter>Classes\Rendersys\d3d9</Filter>
    </ClCompile>
    <ClCompile Include="Classes\rendersys\d3d11\TInterfaceType11.cpp">
      <Filter>Classes\Rendersys\d3d11</Filter>
    </ClCompile>
    <ClCompile Include="Classes\rendersys\d3d11\TRenderSystem11.cpp">
      <Filter>Classes\Rendersys\d3d11</Filter>
    </ClCompile>
    <ClCompile Include="Classes\base\D3DEnumCT.cpp">
      <Filter>Classes\Base</Filter>
    </ClCompile>
    <ClCompile Include="Classes\base\TBaseTypes.cpp">
      <Filter>Classes\Base</Filter>
    </ClCompile>
    <ClCompile Include="Classes\base\Utility.cpp">
      <Filter>Classes\Base</Filter>
    </ClCompile>
    <ClCompile Include="Classes\Export\Export.cpp">
      <Filter>Classes\Export</Filter>
    </ClCompile>
    <ClCompile Include="Classes\renderable\TAssimpModel.cpp">
      <Filter>Classes\Renderable</Filter>
    </ClCompile>
    <ClCompile Include="Classes\TestCases\TestSprite.cpp">
      <Filter>Classes\TestCases</Filter>
    </ClCompile>
    <ClCompile Include="Classes\TestCases\TestModel.cpp">
      <Filter>Classes\TestCases</Filter>
    </ClCompile>
    <ClCompile Include="Classes\TestCases\TestFog.cpp">
      <Filter>Classes\TestCases</Filter>
    </ClCompile>
    <ClCompile Include="Classes\TestCases\TestSpecSkybox.cpp">
      <Filter>Classes\TestCases</Filter>
    </ClCompile>
    <ClCompile Include="Classes\TestCases\TestDiffuse.cpp">
      <Filter>Classes\TestCases</Filter>
    </ClCompile>
    <ClCompile Include="Classes\TestCases\TestRT.cpp">
      <Filter>Classes\TestCases</Filter>
    </ClCompile>
    <ClCompile Include="Classes\TestCases\TestPBR.cpp">
      <Filter>Classes\TestCases</Filter>
    </ClCompile>
    <ClCompile Include="Classes\TestCases\TestShadowMap.cpp">
      <Filter>Classes\TestCases</Filter>
    </ClCompile>
    <ClCompile Include="Classes\TestCases\TestBloom.cpp">
      <Filter>Classes\TestCases</Filter>
    </ClCompile>
    <ClCompile Include="Classes\TestCases\TestExport.cpp">
      <Filter>Classes\TestCases</Filter>
    </ClCompile>
  </ItemGroup>
  <ItemGroup>
    <ClInclude Include="Classes\app\TApp.h">
      <Filter>Classes\App</Filter>
    </ClInclude>
    <ClInclude Include="Classes\app\TMovable.h">
      <Filter>Classes\App</Filter>
    </ClInclude>
    <ClInclude Include="Classes\renderable\IRenderable.h">
      <Filter>Classes\Renderable</Filter>
    </ClInclude>
    <ClInclude Include="Classes\renderable\TAssimpMesh.h">
      <Filter>Classes\Renderable</Filter>
    </ClInclude>
    <ClInclude Include="Classes\renderable\TInterfaceType.h">
      <Filter>Classes\Renderable</Filter>
    </ClInclude>
    <ClInclude Include="Classes\renderable\TPostProcess.h">
      <Filter>Classes\Renderable</Filter>
    </ClInclude>
    <ClInclude Include="Classes\renderable\TSkyBox.h">
      <Filter>Classes\Renderable</Filter>
    </ClInclude>
    <ClInclude Include="Classes\renderable\TSprite.h">
      <Filter>Classes\Renderable</Filter>
    </ClInclude>
    <ClInclude Include="Classes\rendersys\IRenderSystem.h">
      <Filter>Classes\Rendersys</Filter>
    </ClInclude>
    <ClInclude Include="Classes\rendersys\IResource.h">
      <Filter>Classes\Rendersys</Filter>
    </ClInclude>
    <ClInclude Include="Classes\rendersys\TMaterial.h">
      <Filter>Classes\Rendersys</Filter>
    </ClInclude>
    <ClInclude Include="Classes\rendersys\TMaterialCB.h">
      <Filter>Classes\Rendersys</Filter>
    </ClInclude>
    <ClInclude Include="Classes\rendersys\TThreadPump.h">
      <Filter>Classes\Rendersys</Filter>
    </ClInclude>
    <ClInclude Include="Classes\rendersys\d3d9\stddx9.h">
      <Filter>Classes\Rendersys\d3d9</Filter>
    </ClInclude>
    <ClInclude Include="Classes\rendersys\d3d9\TInterfaceType9.h">
      <Filter>Classes\Rendersys\d3d9</Filter>
    </ClInclude>
    <ClInclude Include="Classes\rendersys\d3d9\TRenderSystem9.h">
      <Filter>Classes\Rendersys\d3d9</Filter>
    </ClInclude>
    <ClInclude Include="Classes\rendersys\d3d11\stddx11.h">
      <Filter>Classes\Rendersys\d3d11</Filter>
    </ClInclude>
    <ClInclude Include="Classes\rendersys\d3d11\TInterfaceType11.h">
      <Filter>Classes\Rendersys\d3d11</Filter>
    </ClInclude>
    <ClInclude Include="Classes\rendersys\d3d11\TRenderSystem11.h">
      <Filter>Classes\Rendersys\d3d11</Filter>
    </ClInclude>
    <ClInclude Include="Classes\base\ComBase.h">
      <Filter>Classes\Base</Filter>
    </ClInclude>
    <ClInclude Include="Classes\base\D3DEnumCT.h">
      <Filter>Classes\Base</Filter>
    </ClInclude>
    <ClInclude Include="Classes\base\std.h">
      <Filter>Classes\Base</Filter>
    </ClInclude>
    <ClInclude Include="Classes\base\TBaseTypes.h">
      <Filter>Classes\Base</Filter>
    </ClInclude>
    <ClInclude Include="Classes\base\Utility.h">
      <Filter>Classes\Base</Filter>
    </ClInclude>
    <ClInclude Include="Classes\TPredefine.h">
      <Filter>Classes</Filter>
    </ClInclude>
    <ClInclude Include="Classes\Export\Export.h">
      <Filter>Classes\Export</Filter>
    </ClInclude>
    <ClInclude Include="Classes\renderable\TAssimpModel.h">
      <Filter>Classes\Renderable</Filter>
    </ClInclude>
  </ItemGroup>
</Project>