<?xml version="1.0" encoding="utf-8"?>
<Project ToolsVersion="4.0" xmlns="http://schemas.microsoft.com/developer/msbuild/2003">
  <ItemGroup>
    <ClCompile Include="Classes\Framework\TApp.cpp">
      <Filter>Classes\Framework</Filter>
    </ClCompile>
    <ClCompile Include="Classes\Model\AssimpModel.cpp">
      <Filter>Classes\Model</Filter>
    </ClCompile>
    <ClCompile Include="Classes\Main.cpp">
      <Filter>Classes</Filter>
    </ClCompile>
    <ClCompile Include="Classes\Lessons\Lesson1.cpp">
      <Filter>Classes\Lessons</Filter>
    </ClCompile>
    <ClCompile Include="Classes\Lessons\Lesson2.cpp">
      <Filter>Classes\Lessons</Filter>
    </ClCompile>
    <ClCompile Include="Classes\Lessons\Lesson3.cpp">
      <Filter>Classes\Lessons</Filter>
    </ClCompile>
    <ClCompile Include="Classes\Lessons\Lesson4.cpp">
      <Filter>Classes\Lessons</Filter>
    </ClCompile>
    <ClCompile Include="Classes\Lessons\Lesson5.cpp">
      <Filter>Classes\Lessons</Filter>
    </ClCompile>
    <ClCompile Include="Classes\Lessons\Lesson6.cpp">
      <Filter>Classes\Lessons</Filter>
    </ClCompile>
    <ClCompile Include="Classes\Lessons\Lesson7.cpp">
      <Filter>Classes\Lessons</Filter>
    </ClCompile>
    <ClCompile Include="Classes\Framework\TMovable.cpp">
      <Filter>Classes\Framework</Filter>
    </ClCompile>
    <ClCompile Include="Classes\Lessons\Lesson8.cpp">
      <Filter>Classes\Lessons</Filter>
    </ClCompile>
    <ClCompile Include="Classes\Framework\TThreadPump.cpp">
      <Filter>Classes\Framework</Filter>
    </ClCompile>
    <ClCompile Include="Classes\Framework\d3d11\TRenderSystem11.cpp">
      <Filter>Classes\Framework\d3d11</Filter>
    </ClCompile>
    <ClCompile Include="Classes\Framework\d3d9\TRenderSystem9.cpp">
      <Filter>Classes\Framework\d3d9</Filter>
    </ClCompile>
    <ClCompile Include="Classes\Lessons\LessonD3D9.cpp">
      <Filter>Classes\Lessons</Filter>
    </ClCompile>
    <ClCompile Include="Classes\Framework\TSprite.cpp">
      <Filter>Classes\Framework\renderable</Filter>
    </ClCompile>
    <ClCompile Include="Classes\Framework\TSkyBox.cpp">
      <Filter>Classes\Framework\renderable</Filter>
    </ClCompile>
    <ClCompile Include="Classes\Framework\TPostProcess.cpp">
      <Filter>Classes\Framework\renderable</Filter>
    </ClCompile>
    <ClCompile Include="Classes\Framework\IRenderable.cpp">
      <Filter>Classes\Framework\renderable</Filter>
    </ClCompile>
    <ClCompile Include="Classes\Framework\IResource.cpp">
      <Filter>Classes\Framework\resource</Filter>
    </ClCompile>
    <ClCompile Include="Classes\Framework\TMaterial.cpp">
      <Filter>Classes\Framework\resource</Filter>
    </ClCompile>
    <ClCompile Include="Classes\Framework\TMaterialCB.cpp">
      <Filter>Classes\Framework\resource</Filter>
    </ClCompile>
    <ClCompile Include="Classes\Framework\d3d11\TInterfaceType11.cpp">
      <Filter>Classes\Framework\d3d11</Filter>
    </ClCompile>
    <ClCompile Include="Classes\Framework\d3d9\TInterfaceType9.cpp">
      <Filter>Classes\Framework\d3d9</Filter>
    </ClCompile>
    <ClCompile Include="Classes\Utility\D3DEnumCT.cpp">
      <Filter>Classes\Utility</Filter>
    </ClCompile>
    <ClCompile Include="Classes\Utility\Utility.cpp">
      <Filter>Classes\Utility</Filter>
    </ClCompile>
    <ClCompile Include="Classes\Lessons\Lesson0_1.cpp">
      <Filter>Classes\Lessons</Filter>
    </ClCompile>
    <ClCompile Include="Classes\Framework\IRenderSystem.cpp">
      <Filter>Classes\Framework\interface</Filter>
    </ClCompile>
    <ClCompile Include="Classes\Framework\TInterfaceType.cpp">
      <Filter>Classes\Framework\interface</Filter>
    </ClCompile>
    <ClCompile Include="Classes\Framework\TBaseTypes.cpp">
      <Filter>Classes\Framework</Filter>
    </ClCompile>
    <ClCompile Include="Classes\Export\Export.cpp">
      <Filter>Classes\Export</Filter>
    </ClCompile>
    <ClCompile Include="Classes\Model\TAssimpMesh.cpp">
      <Filter>Classes\Model</Filter>
    </ClCompile>
  </ItemGroup>
  <ItemGroup>
    <ClInclude Include="Classes\Framework\TApp.h">
      <Filter>Classes\Framework</Filter>
    </ClInclude>
    <ClInclude Include="Classes\Framework\std.h">
      <Filter>Classes\Framework</Filter>
    </ClInclude>
    <ClInclude Include="Classes\Model\AssimpModel.h">
      <Filter>Classes\Model</Filter>
    </ClInclude>
    <ClInclude Include="Classes\Lessons\Lesson1.h">
      <Filter>Classes\Lessons</Filter>
    </ClInclude>
    <ClInclude Include="Classes\Lessons\Lesson2.h">
      <Filter>Classes\Lessons</Filter>
    </ClInclude>
    <ClInclude Include="Classes\Lessons\Lesson3.h">
      <Filter>Classes\Lessons</Filter>
    </ClInclude>
    <ClInclude Include="Classes\Lessons\Lesson4.h">
      <Filter>Classes\Lessons</Filter>
    </ClInclude>
    <ClInclude Include="Classes\Lessons\Lesson5.h">
      <Filter>Classes\Lessons</Filter>
    </ClInclude>
    <ClInclude Include="Classes\Lessons\Lesson6.h">
      <Filter>Classes\Lessons</Filter>
    </ClInclude>
    <ClInclude Include="Classes\Lessons\Lesson7.h">
      <Filter>Classes\Lessons</Filter>
    </ClInclude>
    <ClInclude Include="Classes\Framework\TMovable.h">
      <Filter>Classes\Framework</Filter>
    </ClInclude>
    <ClInclude Include="Classes\Lessons\Lesson8.h">
      <Filter>Classes\Lessons</Filter>
    </ClInclude>
    <ClInclude Include="Classes\Framework\TThreadPump.h">
      <Filter>Classes\Framework</Filter>
    </ClInclude>
    <ClInclude Include="Classes\Framework\d3d11\TRenderSystem11.h">
      <Filter>Classes\Framework\d3d11</Filter>
    </ClInclude>
    <ClInclude Include="Classes\Framework\d3d9\TRenderSystem9.h">
      <Filter>Classes\Framework\d3d9</Filter>
    </ClInclude>
    <ClInclude Include="Classes\Lessons\LessonD3D9.h">
      <Filter>Classes\Lessons</Filter>
    </ClInclude>
    <ClInclude Include="Classes\Framework\d3d11\stddx11.h">
      <Filter>Classes\Framework\d3d11</Filter>
    </ClInclude>
    <ClInclude Include="Classes\Framework\d3d9\stddx9.h">
      <Filter>Classes\Framework\d3d9</Filter>
    </ClInclude>
    <ClInclude Include="Classes\Framework\TSprite.h">
      <Filter>Classes\Framework\renderable</Filter>
    </ClInclude>
    <ClInclude Include="Classes\Framework\TSkyBox.h">
      <Filter>Classes\Framework\renderable</Filter>
    </ClInclude>
    <ClInclude Include="Classes\Framework\TPostProcess.h">
      <Filter>Classes\Framework\renderable</Filter>
    </ClInclude>
    <ClInclude Include="Classes\Framework\IRenderable.h">
      <Filter>Classes\Framework\renderable</Filter>
    </ClInclude>
    <ClInclude Include="Classes\Framework\IResource.h">
      <Filter>Classes\Framework\resource</Filter>
    </ClInclude>
    <ClInclude Include="Classes\Framework\TMaterial.h">
      <Filter>Classes\Framework\resource</Filter>
    </ClInclude>
    <ClInclude Include="Classes\Framework\TMaterialCB.h">
      <Filter>Classes\Framework\resource</Filter>
    </ClInclude>
    <ClInclude Include="Classes\Framework\d3d11\TInterfaceType11.h">
      <Filter>Classes\Framework\d3d11</Filter>
    </ClInclude>
    <ClInclude Include="Classes\Framework\d3d9\TInterfaceType9.h">
      <Filter>Classes\Framework\d3d9</Filter>
    </ClInclude>
    <ClInclude Include="Classes\Utility\D3DEnumCT.h">
      <Filter>Classes\Utility</Filter>
    </ClInclude>
    <ClInclude Include="Classes\Utility\Utility.h">
      <Filter>Classes\Utility</Filter>
    </ClInclude>
    <ClInclude Include="Classes\Lessons\Lesson0_1.h">
      <Filter>Classes\Lessons</Filter>
    </ClInclude>
    <ClInclude Include="Classes\Framework\IRenderSystem.h">
      <Filter>Classes\Framework\interface</Filter>
    </ClInclude>
    <ClInclude Include="Classes\Framework\TInterfaceType.h">
      <Filter>Classes\Framework\interface</Filter>
    </ClInclude>
    <ClInclude Include="Classes\Framework\TBaseTypes.h">
      <Filter>Classes\Framework</Filter>
    </ClInclude>
    <ClInclude Include="Classes\Framework\TPredefine.h">
      <Filter>Classes\Framework</Filter>
    </ClInclude>
    <ClInclude Include="Classes\Framework\ComBase.h">
      <Filter>Classes\Framework\interface</Filter>
    </ClInclude>
    <ClInclude Include="Classes\Export\Export.h">
      <Filter>Classes\Export</Filter>
    </ClInclude>
    <ClInclude Include="Classes\Model\TAssimpMesh.h">
      <Filter>Classes\Model</Filter>
    </ClInclude>
  </ItemGroup>
  <ItemGroup>
    <Filter Include="Classes">
      <UniqueIdentifier>{39b606e9-d650-42c0-a46b-81fe688ad022}</UniqueIdentifier>
    </Filter>
    <Filter Include="Classes\Framework">
      <UniqueIdentifier>{b0138fc3-6844-4763-a276-95e364399192}</UniqueIdentifier>
    </Filter>
    <Filter Include="Classes\Model">
      <UniqueIdentifier>{6f0167b8-ca3d-45eb-9213-ac1c4cffd53e}</UniqueIdentifier>
    </Filter>
    <Filter Include="Classes\Lessons">
      <UniqueIdentifier>{b7aaf79f-0f85-49e7-95c2-1813f91cb617}</UniqueIdentifier>
    </Filter>
    <Filter Include="Lib">
      <UniqueIdentifier>{43b959a5-9db6-4dcf-9832-11705bedfd9c}</UniqueIdentifier>
    </Filter>
    <Filter Include="fx">
      <UniqueIdentifier>{0f5daee9-9076-4f36-baca-5b152488f6b4}</UniqueIdentifier>
    </Filter>
    <Filter Include="Classes\Framework\d3d11">
      <UniqueIdentifier>{b5c952d2-d239-4894-92c4-54bf2f51c839}</UniqueIdentifier>
    </Filter>
    <Filter Include="Classes\Framework\d3d9">
      <UniqueIdentifier>{3845ec8c-3527-46d9-9713-6812481afa31}</UniqueIdentifier>
    </Filter>
    <Filter Include="Classes\Framework\renderable">
      <UniqueIdentifier>{45e61584-a97b-4a83-97e3-7d79d6b7670c}</UniqueIdentifier>
    </Filter>
    <Filter Include="Classes\Framework\resource">
      <UniqueIdentifier>{f7e74a1a-95b2-4d5e-8d40-97953e960d10}</UniqueIdentifier>
    </Filter>
    <Filter Include="Classes\Utility">
      <UniqueIdentifier>{af3d38b9-c3eb-47d9-932c-8e801eb59167}</UniqueIdentifier>
    </Filter>
    <Filter Include="Classes\Framework\interface">
      <UniqueIdentifier>{b02729df-1074-414c-9d44-45b12a062288}</UniqueIdentifier>
    </Filter>
    <Filter Include="Classes\Export">
      <UniqueIdentifier>{7c975c11-8101-4fcb-8765-9f9131aaebec}</UniqueIdentifier>
    </Filter>
  </ItemGroup>
  <ItemGroup>
    <Library Include="lib\assimp-vc140-mt.lib">
      <Filter>Lib</Filter>
    </Library>
  </ItemGroup>
</Project>